// !$*UTF8*$!
{
	archiveVersion = 1;
	classes = {
	};
	objectVersion = 50;
	objects = {

/* Begin PBXBuildFile section */
		525E8FC026117909008A1394 /* Res2ViewController.swift in Sources */ = {isa = PBXBuildFile; fileRef = 525E8FBF26117909008A1394 /* Res2ViewController.swift */; };
		525E8FC326117A87008A1394 /* Res3ViewController.swift in Sources */ = {isa = PBXBuildFile; fileRef = 525E8FC226117A87008A1394 /* Res3ViewController.swift */; };
		525E8FC626117AD4008A1394 /* Res4ViewController.swift in Sources */ = {isa = PBXBuildFile; fileRef = 525E8FC526117AD4008A1394 /* Res4ViewController.swift */; };
		525E8FC926117B13008A1394 /* Res5ViewController.swift in Sources */ = {isa = PBXBuildFile; fileRef = 525E8FC826117B13008A1394 /* Res5ViewController.swift */; };
		527844EC2610F52A008ECB73 /* Res1ViewController.swift in Sources */ = {isa = PBXBuildFile; fileRef = 527844EB2610F52A008ECB73 /* Res1ViewController.swift */; };
		527844EF2610FE2B008ECB73 /* AboutViewController.swift in Sources */ = {isa = PBXBuildFile; fileRef = 527844EE2610FE2B008ECB73 /* AboutViewController.swift */; };
		5287F26726234797004CF1A4 /* MapViewController.swift in Sources */ = {isa = PBXBuildFile; fileRef = 5287F26626234796004CF1A4 /* MapViewController.swift */; };
		5287F26A2623763C004CF1A4 /* map2ViewController.swift in Sources */ = {isa = PBXBuildFile; fileRef = 5287F2692623763C004CF1A4 /* map2ViewController.swift */; };
		5287F26D26237FAB004CF1A4 /* map3ViewController.swift in Sources */ = {isa = PBXBuildFile; fileRef = 5287F26C26237FAB004CF1A4 /* map3ViewController.swift */; };
		5287F27026238AEE004CF1A4 /* Map4ViewController.swift in Sources */ = {isa = PBXBuildFile; fileRef = 5287F26F26238AEE004CF1A4 /* Map4ViewController.swift */; };
		5287F27326238FB8004CF1A4 /* map5ViewController.swift in Sources */ = {isa = PBXBuildFile; fileRef = 5287F27226238FB8004CF1A4 /* map5ViewController.swift */; };
		5287F27726239485004CF1A4 /* Accounts.framework in Frameworks */ = {isa = PBXBuildFile; fileRef = 5287F27626239485004CF1A4 /* Accounts.framework */; };
		5287F2792623948E004CF1A4 /* Social.framework in Frameworks */ = {isa = PBXBuildFile; fileRef = 5287F2782623948E004CF1A4 /* Social.framework */; };
		5287F27C2623A943004CF1A4 /* T25ViewController.swift in Sources */ = {isa = PBXBuildFile; fileRef = 5287F27B2623A943004CF1A4 /* T25ViewController.swift */; };
		52D9C43225EA02A50030402A /* AppDelegate.swift in Sources */ = {isa = PBXBuildFile; fileRef = 52D9C43125EA02A50030402A /* AppDelegate.swift */; };
		52D9C43425EA02A50030402A /* SceneDelegate.swift in Sources */ = {isa = PBXBuildFile; fileRef = 52D9C43325EA02A50030402A /* SceneDelegate.swift */; };
		52D9C43625EA02A50030402A /* ViewController.swift in Sources */ = {isa = PBXBuildFile; fileRef = 52D9C43525EA02A50030402A /* ViewController.swift */; };
		52D9C43925EA02A50030402A /* Main.storyboard in Resources */ = {isa = PBXBuildFile; fileRef = 52D9C43725EA02A50030402A /* Main.storyboard */; };
		52D9C43B25EA02A80030402A /* Assets.xcassets in Resources */ = {isa = PBXBuildFile; fileRef = 52D9C43A25EA02A80030402A /* Assets.xcassets */; };
		52D9C43E25EA02A80030402A /* LaunchScreen.storyboard in Resources */ = {isa = PBXBuildFile; fileRef = 52D9C43C25EA02A80030402A /* LaunchScreen.storyboard */; };
/* End PBXBuildFile section */

/* Begin PBXFileReference section */
		525E8FBF26117909008A1394 /* Res2ViewController.swift */ = {isa = PBXFileReference; lastKnownFileType = sourcecode.swift; path = Res2ViewController.swift; sourceTree = "<group>"; };
		525E8FC226117A87008A1394 /* Res3ViewController.swift */ = {isa = PBXFileReference; lastKnownFileType = sourcecode.swift; path = Res3ViewController.swift; sourceTree = "<group>"; };
		525E8FC526117AD4008A1394 /* Res4ViewController.swift */ = {isa = PBXFileReference; lastKnownFileType = sourcecode.swift; path = Res4ViewController.swift; sourceTree = "<group>"; };
		525E8FC826117B13008A1394 /* Res5ViewController.swift */ = {isa = PBXFileReference; lastKnownFileType = sourcecode.swift; path = Res5ViewController.swift; sourceTree = "<group>"; };
		527844EB2610F52A008ECB73 /* Res1ViewController.swift */ = {isa = PBXFileReference; lastKnownFileType = sourcecode.swift; path = Res1ViewController.swift; sourceTree = "<group>"; };
		527844EE2610FE2B008ECB73 /* AboutViewController.swift */ = {isa = PBXFileReference; lastKnownFileType = sourcecode.swift; path = AboutViewController.swift; sourceTree = "<group>"; };
		5287F26626234796004CF1A4 /* MapViewController.swift */ = {isa = PBXFileReference; lastKnownFileType = sourcecode.swift; path = MapViewController.swift; sourceTree = "<group>"; };
		5287F2692623763C004CF1A4 /* map2ViewController.swift */ = {isa = PBXFileReference; lastKnownFileType = sourcecode.swift; path = map2ViewController.swift; sourceTree = "<group>"; };
		5287F26C26237FAB004CF1A4 /* map3ViewController.swift */ = {isa = PBXFileReference; lastKnownFileType = sourcecode.swift; path = map3ViewController.swift; sourceTree = "<group>"; };
		5287F26F26238AEE004CF1A4 /* Map4ViewController.swift */ = {isa = PBXFileReference; lastKnownFileType = sourcecode.swift; path = Map4ViewController.swift; sourceTree = "<group>"; };
		5287F27226238FB8004CF1A4 /* map5ViewController.swift */ = {isa = PBXFileReference; lastKnownFileType = sourcecode.swift; path = map5ViewController.swift; sourceTree = "<group>"; };
		5287F27626239485004CF1A4 /* Accounts.framework */ = {isa = PBXFileReference; lastKnownFileType = wrapper.framework; name = Accounts.framework; path = System/Library/Frameworks/Accounts.framework; sourceTree = SDKROOT; };
		5287F2782623948E004CF1A4 /* Social.framework */ = {isa = PBXFileReference; lastKnownFileType = wrapper.framework; name = Social.framework; path = System/Library/Frameworks/Social.framework; sourceTree = SDKROOT; };
		5287F27B2623A943004CF1A4 /* T25ViewController.swift */ = {isa = PBXFileReference; lastKnownFileType = sourcecode.swift; path = T25ViewController.swift; sourceTree = "<group>"; };
		52D9C42E25EA02A50030402A /* RestaurantGuide_IOS.app */ = {isa = PBXFileReference; explicitFileType = wrapper.application; includeInIndex = 0; path = RestaurantGuide_IOS.app; sourceTree = BUILT_PRODUCTS_DIR; };
		52D9C43125EA02A50030402A /* AppDelegate.swift */ = {isa = PBXFileReference; lastKnownFileType = sourcecode.swift; path = AppDelegate.swift; sourceTree = "<group>"; };
		52D9C43325EA02A50030402A /* SceneDelegate.swift */ = {isa = PBXFileReference; lastKnownFileType = sourcecode.swift; path = SceneDelegate.swift; sourceTree = "<group>"; };
		52D9C43525EA02A50030402A /* ViewController.swift */ = {isa = PBXFileReference; lastKnownFileType = sourcecode.swift; path = ViewController.swift; sourceTree = "<group>"; };
		52D9C43825EA02A50030402A /* Base */ = {isa = PBXFileReference; lastKnownFileType = file.storyboard; name = Base; path = Base.lproj/Main.storyboard; sourceTree = "<group>"; };
		52D9C43A25EA02A80030402A /* Assets.xcassets */ = {isa = PBXFileReference; lastKnownFileType = folder.assetcatalog; path = Assets.xcassets; sourceTree = "<group>"; };
		52D9C43D25EA02A80030402A /* Base */ = {isa = PBXFileReference; lastKnownFileType = file.storyboard; name = Base; path = Base.lproj/LaunchScreen.storyboard; sourceTree = "<group>"; };
		52D9C43F25EA02A80030402A /* Info.plist */ = {isa = PBXFileReference; lastKnownFileType = text.plist.xml; path = Info.plist; sourceTree = "<group>"; };
/* End PBXFileReference section */

/* Begin PBXFrameworksBuildPhase section */
		52D9C42B25EA02A50030402A /* Frameworks */ = {
			isa = PBXFrameworksBuildPhase;
			buildActionMask = 2147483647;
			files = (
				5287F2792623948E004CF1A4 /* Social.framework in Frameworks */,
				5287F27726239485004CF1A4 /* Accounts.framework in Frameworks */,
			);
			runOnlyForDeploymentPostprocessing = 0;
		};
/* End PBXFrameworksBuildPhase section */

/* Begin PBXGroup section */
		5287F27526239485004CF1A4 /* Frameworks */ = {
			isa = PBXGroup;
			children = (
				5287F2782623948E004CF1A4 /* Social.framework */,
				5287F27626239485004CF1A4 /* Accounts.framework */,
			);
			name = Frameworks;
			sourceTree = "<group>";
		};
		52D9C42525EA02A50030402A = {
			isa = PBXGroup;
			children = (
				5287F27B2623A943004CF1A4 /* T25ViewController.swift */,
				52D9C43025EA02A50030402A /* RestaurantGuide_IOS */,
				52D9C42F25EA02A50030402A /* Products */,
				5287F27526239485004CF1A4 /* Frameworks */,
			);
			sourceTree = "<group>";
		};
		52D9C42F25EA02A50030402A /* Products */ = {
			isa = PBXGroup;
			children = (
				52D9C42E25EA02A50030402A /* RestaurantGuide_IOS.app */,
			);
			name = Products;
			sourceTree = "<group>";
		};
		52D9C43025EA02A50030402A /* RestaurantGuide_IOS */ = {
			isa = PBXGroup;
			children = (
				52D9C43125EA02A50030402A /* AppDelegate.swift */,
				52D9C43325EA02A50030402A /* SceneDelegate.swift */,
				52D9C43525EA02A50030402A /* ViewController.swift */,
				52D9C43725EA02A50030402A /* Main.storyboard */,
				5287F27226238FB8004CF1A4 /* map5ViewController.swift */,
				5287F26F26238AEE004CF1A4 /* Map4ViewController.swift */,
				5287F26C26237FAB004CF1A4 /* map3ViewController.swift */,
				5287F2692623763C004CF1A4 /* map2ViewController.swift */,
				5287F26626234796004CF1A4 /* MapViewController.swift */,
				525E8FC826117B13008A1394 /* Res5ViewController.swift */,
				525E8FC526117AD4008A1394 /* Res4ViewController.swift */,
				525E8FC226117A87008A1394 /* Res3ViewController.swift */,
				525E8FBF26117909008A1394 /* Res2ViewController.swift */,
				527844EE2610FE2B008ECB73 /* AboutViewController.swift */,
				527844EB2610F52A008ECB73 /* Res1ViewController.swift */,
				52D9C43A25EA02A80030402A /* Assets.xcassets */,
				52D9C43C25EA02A80030402A /* LaunchScreen.storyboard */,
				52D9C43F25EA02A80030402A /* Info.plist */,
			);
			path = RestaurantGuide_IOS;
			sourceTree = "<group>";
		};
/* End PBXGroup section */

/* Begin PBXNativeTarget section */
		52D9C42D25EA02A50030402A /* RestaurantGuide_IOS */ = {
			isa = PBXNativeTarget;
			buildConfigurationList = 52D9C44225EA02A90030402A /* Build configuration list for PBXNativeTarget "RestaurantGuide_IOS" */;
			buildPhases = (
				52D9C42A25EA02A50030402A /* Sources */,
				52D9C42B25EA02A50030402A /* Frameworks */,
				52D9C42C25EA02A50030402A /* Resources */,
			);
			buildRules = (
			);
			dependencies = (
			);
			name = RestaurantGuide_IOS;
			productName = RestaurantGuide_IOS;
			productReference = 52D9C42E25EA02A50030402A /* RestaurantGuide_IOS.app */;
			productType = "com.apple.product-type.application";
		};
/* End PBXNativeTarget section */

/* Begin PBXProject section */
		52D9C42625EA02A50030402A /* Project object */ = {
			isa = PBXProject;
			attributes = {
				LastSwiftUpdateCheck = 1240;
				LastUpgradeCheck = 1240;
				TargetAttributes = {
					52D9C42D25EA02A50030402A = {
						CreatedOnToolsVersion = 12.4;
					};
				};
			};
			buildConfigurationList = 52D9C42925EA02A50030402A /* Build configuration list for PBXProject "RestaurantGuide_IOS" */;
			compatibilityVersion = "Xcode 9.3";
			developmentRegion = en;
			hasScannedForEncodings = 0;
			knownRegions = (
				en,
				Base,
			);
			mainGroup = 52D9C42525EA02A50030402A;
			productRefGroup = 52D9C42F25EA02A50030402A /* Products */;
			projectDirPath = "";
			projectRoot = "";
			targets = (
				52D9C42D25EA02A50030402A /* RestaurantGuide_IOS */,
			);
		};
/* End PBXProject section */

/* Begin PBXResourcesBuildPhase section */
		52D9C42C25EA02A50030402A /* Resources */ = {
			isa = PBXResourcesBuildPhase;
			buildActionMask = 2147483647;
			files = (
				52D9C43E25EA02A80030402A /* LaunchScreen.storyboard in Resources */,
				52D9C43B25EA02A80030402A /* Assets.xcassets in Resources */,
				52D9C43925EA02A50030402A /* Main.storyboard in Resources */,
			);
			runOnlyForDeploymentPostprocessing = 0;
		};
/* End PBXResourcesBuildPhase section */

/* Begin PBXSourcesBuildPhase section */
		52D9C42A25EA02A50030402A /* Sources */ = {
			isa = PBXSourcesBuildPhase;
			buildActionMask = 2147483647;
			files = (
				525E8FC626117AD4008A1394 /* Res4ViewController.swift in Sources */,
				52D9C43625EA02A50030402A /* ViewController.swift in Sources */,
				527844EC2610F52A008ECB73 /* Res1ViewController.swift in Sources */,
				5287F26D26237FAB004CF1A4 /* map3ViewController.swift in Sources */,
				5287F26726234797004CF1A4 /* MapViewController.swift in Sources */,
				525E8FC026117909008A1394 /* Res2ViewController.swift in Sources */,
				5287F27C2623A943004CF1A4 /* T25ViewController.swift in Sources */,
				52D9C43225EA02A50030402A /* AppDelegate.swift in Sources */,
				527844EF2610FE2B008ECB73 /* AboutViewController.swift in Sources */,
				5287F26A2623763C004CF1A4 /* map2ViewController.swift in Sources */,
				52D9C43425EA02A50030402A /* SceneDelegate.swift in Sources */,
				525E8FC926117B13008A1394 /* Res5ViewController.swift in Sources */,
				5287F27326238FB8004CF1A4 /* map5ViewController.swift in Sources */,
				525E8FC326117A87008A1394 /* Res3ViewController.swift in Sources */,
				5287F27026238AEE004CF1A4 /* Map4ViewController.swift in Sources */,
			);
			runOnlyForDeploymentPostprocessing = 0;
		};
/* End PBXSourcesBuildPhase section */

/* Begin PBXVariantGroup section */
		52D9C43725EA02A50030402A /* Main.storyboard */ = {
			isa = PBXVariantGroup;
			children = (
				52D9C43825EA02A50030402A /* Base */,
			);
			name = Main.storyboard;
			sourceTree = "<group>";
		};
		52D9C43C25EA02A80030402A /* LaunchScreen.storyboard */ = {
			isa = PBXVariantGroup;
			children = (
				52D9C43D25EA02A80030402A /* Base */,
			);
			name = LaunchScreen.storyboard;
			sourceTree = "<group>";
		};
/* End PBXVariantGroup section */

/* Begin XCBuildConfiguration section */
		52D9C44025EA02A80030402A /* Debug */ = {
			isa = XCBuildConfiguration;
			buildSettings = {
				ALWAYS_SEARCH_USER_PATHS = NO;
				CLANG_ANALYZER_NONNULL = YES;
				CLANG_ANALYZER_NUMBER_OBJECT_CONVERSION = YES_AGGRESSIVE;
				CLANG_CXX_LANGUAGE_STANDARD = "gnu++14";
				CLANG_CXX_LIBRARY = "libc++";
				CLANG_ENABLE_MODULES = YES;
				CLANG_ENABLE_OBJC_ARC = YES;
				CLANG_ENABLE_OBJC_WEAK = YES;
				CLANG_WARN_BLOCK_CAPTURE_AUTORELEASING = YES;
				CLANG_WARN_BOOL_CONVERSION = YES;
				CLANG_WARN_COMMA = YES;
				CLANG_WARN_CONSTANT_CONVERSION = YES;
				CLANG_WARN_DEPRECATED_OBJC_IMPLEMENTATIONS = YES;
				CLANG_WARN_DIRECT_OBJC_ISA_USAGE = YES_ERROR;
				CLANG_WARN_DOCUMENTATION_COMMENTS = YES;
				CLANG_WARN_EMPTY_BODY = YES;
				CLANG_WARN_ENUM_CONVERSION = YES;
				CLANG_WARN_INFINITE_RECURSION = YES;
				CLANG_WARN_INT_CONVERSION = YES;
				CLANG_WARN_NON_LITERAL_NULL_CONVERSION = YES;
				CLANG_WARN_OBJC_IMPLICIT_RETAIN_SELF = YES;
				CLANG_WARN_OBJC_LITERAL_CONVERSION = YES;
				CLANG_WARN_OBJC_ROOT_CLASS = YES_ERROR;
				CLANG_WARN_QUOTED_INCLUDE_IN_FRAMEWORK_HEADER = YES;
				CLANG_WARN_RANGE_LOOP_ANALYSIS = YES;
				CLANG_WARN_STRICT_PROTOTYPES = YES;
				CLANG_WARN_SUSPICIOUS_MOVE = YES;
				CLANG_WARN_UNGUARDED_AVAILABILITY = YES_AGGRESSIVE;
				CLANG_WARN_UNREACHABLE_CODE = YES;
				CLANG_WARN__DUPLICATE_METHOD_MATCH = YES;
				COPY_PHASE_STRIP = NO;
				DEBUG_INFORMATION_FORMAT = dwarf;
				ENABLE_STRICT_OBJC_MSGSEND = YES;
				ENABLE_TESTABILITY = YES;
				GCC_C_LANGUAGE_STANDARD = gnu11;
				GCC_DYNAMIC_NO_PIC = NO;
				GCC_NO_COMMON_BLOCKS = YES;
				GCC_OPTIMIZATION_LEVEL = 0;
				GCC_PREPROCESSOR_DEFINITIONS = (
					"DEBUG=1",
					"$(inherited)",
				);
				GCC_WARN_64_TO_32_BIT_CONVERSION = YES;
				GCC_WARN_ABOUT_RETURN_TYPE = YES_ERROR;
				GCC_WARN_UNDECLARED_SELECTOR = YES;
				GCC_WARN_UNINITIALIZED_AUTOS = YES_AGGRESSIVE;
				GCC_WARN_UNUSED_FUNCTION = YES;
				GCC_WARN_UNUSED_VARIABLE = YES;
				IPHONEOS_DEPLOYMENT_TARGET = 14.4;
				MTL_ENABLE_DEBUG_INFO = INCLUDE_SOURCE;
				MTL_FAST_MATH = YES;
				ONLY_ACTIVE_ARCH = YES;
				SDKROOT = iphoneos;
				SWIFT_ACTIVE_COMPILATION_CONDITIONS = DEBUG;
				SWIFT_OPTIMIZATION_LEVEL = "-Onone";
			};
			name = Debug;
		};
		52D9C44125EA02A80030402A /* Release */ = {
			isa = XCBuildConfiguration;
			buildSettings = {
				ALWAYS_SEARCH_USER_PATHS = NO;
				CLANG_ANALYZER_NONNULL = YES;
				CLANG_ANALYZER_NUMBER_OBJECT_CONVERSION = YES_AGGRESSIVE;
				CLANG_CXX_LANGUAGE_STANDARD = "gnu++14";
				CLANG_CXX_LIBRARY = "libc++";
				CLANG_ENABLE_MODULES = YES;
				CLANG_ENABLE_OBJC_ARC = YES;
				CLANG_ENABLE_OBJC_WEAK = YES;
				CLANG_WARN_BLOCK_CAPTURE_AUTORELEASING = YES;
				CLANG_WARN_BOOL_CONVERSION = YES;
				CLANG_WARN_COMMA = YES;
				CLANG_WARN_CONSTANT_CONVERSION = YES;
				CLANG_WARN_DEPRECATED_OBJC_IMPLEMENTATIONS = YES;
				CLANG_WARN_DIRECT_OBJC_ISA_USAGE = YES_ERROR;
				CLANG_WARN_DOCUMENTATION_COMMENTS = YES;
				CLANG_WARN_EMPTY_BODY = YES;
				CLANG_WARN_ENUM_CONVERSION = YES;
				CLANG_WARN_INFINITE_RECURSION = YES;
				CLANG_WARN_INT_CONVERSION = YES;
				CLANG_WARN_NON_LITERAL_NULL_CONVERSION = YES;
				CLANG_WARN_OBJC_IMPLICIT_RETAIN_SELF = YES;
				CLANG_WARN_OBJC_LITERAL_CONVERSION = YES;
				CLANG_WARN_OBJC_ROOT_CLASS = YES_ERROR;
				CLANG_WARN_QUOTED_INCLUDE_IN_FRAMEWORK_HEADER = YES;
				CLANG_WARN_RANGE_LOOP_ANALYSIS = YES;
				CLANG_WARN_STRICT_PROTOTYPES = YES;
				CLANG_WARN_SUSPICIOUS_MOVE = YES;
				CLANG_WARN_UNGUARDED_AVAILABILITY = YES_AGGRESSIVE;
				CLANG_WARN_UNREACHABLE_CODE = YES;
				CLANG_WARN__DUPLICATE_METHOD_MATCH = YES;
				COPY_PHASE_STRIP = NO;
				DEBUG_INFORMATION_FORMAT = "dwarf-with-dsym";
				ENABLE_NS_ASSERTIONS = NO;
				ENABLE_STRICT_OBJC_MSGSEND = YES;
				GCC_C_LANGUAGE_STANDARD = gnu11;
				GCC_NO_COMMON_BLOCKS = YES;
				GCC_WARN_64_TO_32_BIT_CONVERSION = YES;
				GCC_WARN_ABOUT_RETURN_TYPE = YES_ERROR;
				GCC_WARN_UNDECLARED_SELECTOR = YES;
				GCC_WARN_UNINITIALIZED_AUTOS = YES_AGGRESSIVE;
				GCC_WARN_UNUSED_FUNCTION = YES;
				GCC_WARN_UNUSED_VARIABLE = YES;
				IPHONEOS_DEPLOYMENT_TARGET = 14.4;
				MTL_ENABLE_DEBUG_INFO = NO;
				MTL_FAST_MATH = YES;
				SDKROOT = iphoneos;
				SWIFT_COMPILATION_MODE = wholemodule;
				SWIFT_OPTIMIZATION_LEVEL = "-O";
				VALIDATE_PRODUCT = YES;
			};
			name = Release;
		};
		52D9C44325EA02A90030402A /* Debug */ = {
			isa = XCBuildConfiguration;
			buildSettings = {
				ASSETCATALOG_COMPILER_APPICON_NAME = AppIcon;
				ASSETCATALOG_COMPILER_GLOBAL_ACCENT_COLOR_NAME = AccentColor;
				CODE_SIGN_STYLE = Automatic;
				DEVELOPMENT_TEAM = UX6U97NN5B;
				INFOPLIST_FILE = RestaurantGuide_IOS/Info.plist;
				LD_RUNPATH_SEARCH_PATHS = (
					"$(inherited)",
					"@executable_path/Frameworks",
				);
				PRODUCT_BUNDLE_IDENTIFIER = "com.fatihkgokmen.RestaurantGuide-IOS";
				PRODUCT_NAME = "$(TARGET_NAME)";
				SWIFT_VERSION = 5.0;
				TARGETED_DEVICE_FAMILY = "1,2";
			};
			name = Debug;
		};
		52D9C44425EA02A90030402A /* Release */ = {
			isa = XCBuildConfiguration;
			buildSettings = {
				ASSETCATALOG_COMPILER_APPICON_NAME = AppIcon;
				ASSETCATALOG_COMPILER_GLOBAL_ACCENT_COLOR_NAME = AccentColor;
				CODE_SIGN_STYLE = Automatic;
				DEVELOPMENT_TEAM = UX6U97NN5B;
				INFOPLIST_FILE = RestaurantGuide_IOS/Info.plist;
				LD_RUNPATH_SEARCH_PATHS = (
					"$(inherited)",
					"@executable_path/Frameworks",
				);
				PRODUCT_BUNDLE_IDENTIFIER = "com.fatihkgokmen.RestaurantGuide-IOS";
				PRODUCT_NAME = "$(TARGET_NAME)";
				SWIFT_VERSION = 5.0;
				TARGETED_DEVICE_FAMILY = "1,2";
			};
			name = Release;
		};
/* End XCBuildConfiguration section */

/* Begin XCConfigurationList section */
		52D9C42925EA02A50030402A /* Build configuration list for PBXProject "RestaurantGuide_IOS" */ = {
			isa = XCConfigurationList;
			buildConfigurations = (
				52D9C44025EA02A80030402A /* Debug */,
				52D9C44125EA02A80030402A /* Release */,
			);
			defaultConfigurationIsVisible = 0;
			defaultConfigurationName = Release;
		};
		52D9C44225EA02A90030402A /* Build configuration list for PBXNativeTarget "RestaurantGuide_IOS" */ = {
			isa = XCConfigurationList;
			buildConfigurations = (
				52D9C44325EA02A90030402A /* Debug */,
				52D9C44425EA02A90030402A /* Release */,
			);
			defaultConfigurationIsVisible = 0;
			defaultConfigurationName = Release;
		};
/* End XCConfigurationList section */
	};
	rootObject = 52D9C42625EA02A50030402A /* Project object */;
}
